
Microsoft Visual Studio Solution File, Format Version 12.00
# Visual Studio 15
VisualStudioVersion = 15.0.26730.16
MinimumVisualStudioVersion = 10.0.40219.1
Project("{FAE04EC0-301F-11D3-BF4B-00C04F79EFBC}") = "Observer", "Observer\Observer.csproj", "{762AB5C7-57AE-451D-8250-960B352EA432}"
EndProject
Global
	GlobalSection(SolutionConfigurationPlatforms) = preSolution
		Debug|Any CPU = Debug|Any CPU
		Release|Any CPU = Release|Any CPU
	EndGlobalSection
	GlobalSection(ProjectConfigurationPlatforms) = postSolution
		{762AB5C7-57AE-451D-8250-960B352EA432}.Debug|Any CPU.ActiveCfg = Debug|Any CPU
		{762AB5C7-57AE-451D-8250-960B352EA432}.Debug|Any CPU.Build.0 = Debug|Any CPU
		{762AB5C7-57AE-451D-8250-960B352EA432}.Release|Any CPU.ActiveCfg = Release|Any CPU
		{762AB5C7-57AE-451D-8250-960B352EA432}.Release|Any CPU.Build.0 = Release|Any CPU
	EndGlobalSection
	GlobalSection(SolutionProperties) = preSolution
		HideSolutionNode = FALSE
	EndGlobalSection
	GlobalSection(ExtensibilityGlobals) = postSolution
		SolutionGuid = {32A7CFE9-E1FE-45E1-9BE9-63C621EA26A7}
	EndGlobalSection
EndGlobal
