
Microsoft Visual Studio Solution File, Format Version 12.00
# Visual Studio 15
VisualStudioVersion = 15.0.26730.16
MinimumVisualStudioVersion = 10.0.40219.1
Project("{FAE04EC0-301F-11D3-BF4B-00C04F79EFBC}") = "Visitor", "Visitor\Visitor.csproj", "{669C79A9-791D-435E-B2BC-E083C8162E3D}"
EndProject
Global
	GlobalSection(SolutionConfigurationPlatforms) = preSolution
		Debug|Any CPU = Debug|Any CPU
		Release|Any CPU = Release|Any CPU
	EndGlobalSection
	GlobalSection(ProjectConfigurationPlatforms) = postSolution
		{669C79A9-791D-435E-B2BC-E083C8162E3D}.Debug|Any CPU.ActiveCfg = Debug|Any CPU
		{669C79A9-791D-435E-B2BC-E083C8162E3D}.Debug|Any CPU.Build.0 = Debug|Any CPU
		{669C79A9-791D-435E-B2BC-E083C8162E3D}.Release|Any CPU.ActiveCfg = Release|Any CPU
		{669C79A9-791D-435E-B2BC-E083C8162E3D}.Release|Any CPU.Build.0 = Release|Any CPU
	EndGlobalSection
	GlobalSection(SolutionProperties) = preSolution
		HideSolutionNode = FALSE
	EndGlobalSection
	GlobalSection(ExtensibilityGlobals) = postSolution
		SolutionGuid = {DF4E8D25-D072-4F61-BB3B-3F9AB81AAE47}
	EndGlobalSection
EndGlobal
