
Microsoft Visual Studio Solution File, Format Version 12.00
# Visual Studio 15
VisualStudioVersion = 15.0.26730.16
MinimumVisualStudioVersion = 10.0.40219.1
Project("{FAE04EC0-301F-11D3-BF4B-00C04F79EFBC}") = "Adapter", "Adapter\Adapter.csproj", "{C0C08C42-E135-4372-8D13-D0049A57845A}"
EndProject
Global
	GlobalSection(SolutionConfigurationPlatforms) = preSolution
		Debug|Any CPU = Debug|Any CPU
		Release|Any CPU = Release|Any CPU
	EndGlobalSection
	GlobalSection(ProjectConfigurationPlatforms) = postSolution
		{C0C08C42-E135-4372-8D13-D0049A57845A}.Debug|Any CPU.ActiveCfg = Debug|Any CPU
		{C0C08C42-E135-4372-8D13-D0049A57845A}.Debug|Any CPU.Build.0 = Debug|Any CPU
		{C0C08C42-E135-4372-8D13-D0049A57845A}.Release|Any CPU.ActiveCfg = Release|Any CPU
		{C0C08C42-E135-4372-8D13-D0049A57845A}.Release|Any CPU.Build.0 = Release|Any CPU
	EndGlobalSection
	GlobalSection(SolutionProperties) = preSolution
		HideSolutionNode = FALSE
	EndGlobalSection
	GlobalSection(ExtensibilityGlobals) = postSolution
		SolutionGuid = {ACD55EA9-D761-4DA3-B02C-AF59BDD71FE7}
	EndGlobalSection
EndGlobal
